# THIS IS AN AUTOGENERATED FILE. DO NOT EDIT THIS FILE DIRECTLY.
# yarn lockfile v1


typeface-roboto@^0.0.75:
  version "0.0.75"
  resolved "https://registry.yarnpkg.com/typeface-roboto/-/typeface-roboto-0.0.75.tgz#98d5ba35ec234bbc7172374c8297277099cc712b"
  integrity sha512-VrR/IiH00Z1tFP4vDGfwZ1esNqTiDMchBEXYY9kilT6wRGgFoCAlgkEUMHb1E3mB0FsfZhv756IF0+R+SFPfdg==
